// !$*UTF8*$!
{
	archiveVersion = 1;
	classes = {
	};
	objectVersion = 56;
	objects = {

/* Begin PBXBuildFile section */
		563EB1E32A367C1800152377 /* ExploreController.swift in Sources */ = {isa = PBXBuildFile; fileRef = 563EB1E22A367C1800152377 /* ExploreController.swift */; };
		563EB1E52A367C2E00152377 /* NotificationsController.swift in Sources */ = {isa = PBXBuildFile; fileRef = 563EB1E42A367C2E00152377 /* NotificationsController.swift */; };
		563EB1E72A367C4900152377 /* ConversationsController.swift in Sources */ = {isa = PBXBuildFile; fileRef = 563EB1E62A367C4900152377 /* ConversationsController.swift */; };
		563EB1E92A3687FA00152377 /* Extensions.swift in Sources */ = {isa = PBXBuildFile; fileRef = 563EB1E82A3687FA00152377 /* Extensions.swift */; };
		563EB1ED2A368C2800152377 /* LoginController.swift in Sources */ = {isa = PBXBuildFile; fileRef = 563EB1EC2A368C2800152377 /* LoginController.swift */; };
		563EB1EF2A368C6B00152377 /* RegistrationController.swift in Sources */ = {isa = PBXBuildFile; fileRef = 563EB1EE2A368C6B00152377 /* RegistrationController.swift */; };
		563EB1F12A390E6C00152377 /* Utilities.swift in Sources */ = {isa = PBXBuildFile; fileRef = 563EB1F02A390E6C00152377 /* Utilities.swift */; };
		5663B75F2A3F226700A18C96 /* GoogleService-Info.plist in Resources */ = {isa = PBXBuildFile; fileRef = 5663B75E2A3F226700A18C96 /* GoogleService-Info.plist */; };
		5663B7622A3F230E00A18C96 /* FirebaseAuth in Frameworks */ = {isa = PBXBuildFile; productRef = 5663B7612A3F230E00A18C96 /* FirebaseAuth */; };
		5663B7642A3F230E00A18C96 /* FirebaseDatabase in Frameworks */ = {isa = PBXBuildFile; productRef = 5663B7632A3F230E00A18C96 /* FirebaseDatabase */; };
		5663B7662A3F230E00A18C96 /* FirebaseFirestore in Frameworks */ = {isa = PBXBuildFile; productRef = 5663B7652A3F230E00A18C96 /* FirebaseFirestore */; };
		5663B7682A3F230E00A18C96 /* FirebaseStorage in Frameworks */ = {isa = PBXBuildFile; productRef = 5663B7672A3F230E00A18C96 /* FirebaseStorage */; };
		5663B76A2A3F42D600A18C96 /* Constants.swift in Sources */ = {isa = PBXBuildFile; fileRef = 5663B7692A3F42D600A18C96 /* Constants.swift */; };
		56C137EC2A3679EA00FCE127 /* MainTabController.swift in Sources */ = {isa = PBXBuildFile; fileRef = 56C137EB2A3679EA00FCE127 /* MainTabController.swift */; };
		56C137EE2A367B6000FCE127 /* FeedController.swift in Sources */ = {isa = PBXBuildFile; fileRef = 56C137ED2A367B6000FCE127 /* FeedController.swift */; };
		56E9F7DF2A3674B200D0E12F /* AppDelegate.swift in Sources */ = {isa = PBXBuildFile; fileRef = 56E9F7DE2A3674B200D0E12F /* AppDelegate.swift */; };
		56E9F7E12A3674B200D0E12F /* SceneDelegate.swift in Sources */ = {isa = PBXBuildFile; fileRef = 56E9F7E02A3674B200D0E12F /* SceneDelegate.swift */; };
		56E9F7E32A3674B200D0E12F /* ViewController.swift in Sources */ = {isa = PBXBuildFile; fileRef = 56E9F7E22A3674B200D0E12F /* ViewController.swift */; };
		56E9F7E62A3674B200D0E12F /* Main.storyboard in Resources */ = {isa = PBXBuildFile; fileRef = 56E9F7E42A3674B200D0E12F /* Main.storyboard */; };
		56E9F7E82A3674B300D0E12F /* Assets.xcassets in Resources */ = {isa = PBXBuildFile; fileRef = 56E9F7E72A3674B300D0E12F /* Assets.xcassets */; };
		56E9F7EB2A3674B300D0E12F /* LaunchScreen.storyboard in Resources */ = {isa = PBXBuildFile; fileRef = 56E9F7E92A3674B300D0E12F /* LaunchScreen.storyboard */; };
/* End PBXBuildFile section */

/* Begin PBXFileReference section */
		563EB1E22A367C1800152377 /* ExploreController.swift */ = {isa = PBXFileReference; lastKnownFileType = sourcecode.swift; path = ExploreController.swift; sourceTree = "<group>"; };
		563EB1E42A367C2E00152377 /* NotificationsController.swift */ = {isa = PBXFileReference; lastKnownFileType = sourcecode.swift; path = NotificationsController.swift; sourceTree = "<group>"; };
		563EB1E62A367C4900152377 /* ConversationsController.swift */ = {isa = PBXFileReference; lastKnownFileType = sourcecode.swift; path = ConversationsController.swift; sourceTree = "<group>"; };
		563EB1E82A3687FA00152377 /* Extensions.swift */ = {isa = PBXFileReference; fileEncoding = 4; lastKnownFileType = sourcecode.swift; path = Extensions.swift; sourceTree = "<group>"; };
		563EB1EC2A368C2800152377 /* LoginController.swift */ = {isa = PBXFileReference; lastKnownFileType = sourcecode.swift; path = LoginController.swift; sourceTree = "<group>"; };
		563EB1EE2A368C6B00152377 /* RegistrationController.swift */ = {isa = PBXFileReference; lastKnownFileType = sourcecode.swift; path = RegistrationController.swift; sourceTree = "<group>"; };
		563EB1F02A390E6C00152377 /* Utilities.swift */ = {isa = PBXFileReference; lastKnownFileType = sourcecode.swift; path = Utilities.swift; sourceTree = "<group>"; };
		5663B75E2A3F226700A18C96 /* GoogleService-Info.plist */ = {isa = PBXFileReference; fileEncoding = 4; lastKnownFileType = text.plist.xml; path = "GoogleService-Info.plist"; sourceTree = "<group>"; };
		5663B7692A3F42D600A18C96 /* Constants.swift */ = {isa = PBXFileReference; lastKnownFileType = sourcecode.swift; path = Constants.swift; sourceTree = "<group>"; };
		56C137EB2A3679EA00FCE127 /* MainTabController.swift */ = {isa = PBXFileReference; lastKnownFileType = sourcecode.swift; path = MainTabController.swift; sourceTree = "<group>"; };
		56C137ED2A367B6000FCE127 /* FeedController.swift */ = {isa = PBXFileReference; lastKnownFileType = sourcecode.swift; path = FeedController.swift; sourceTree = "<group>"; };
		56E9F7DB2A3674B200D0E12F /* SwiftTwitterClone.app */ = {isa = PBXFileReference; explicitFileType = wrapper.application; includeInIndex = 0; path = SwiftTwitterClone.app; sourceTree = BUILT_PRODUCTS_DIR; };
		56E9F7DE2A3674B200D0E12F /* AppDelegate.swift */ = {isa = PBXFileReference; lastKnownFileType = sourcecode.swift; path = AppDelegate.swift; sourceTree = "<group>"; };
		56E9F7E02A3674B200D0E12F /* SceneDelegate.swift */ = {isa = PBXFileReference; lastKnownFileType = sourcecode.swift; path = SceneDelegate.swift; sourceTree = "<group>"; };
		56E9F7E22A3674B200D0E12F /* ViewController.swift */ = {isa = PBXFileReference; lastKnownFileType = sourcecode.swift; path = ViewController.swift; sourceTree = "<group>"; };
		56E9F7E52A3674B200D0E12F /* Base */ = {isa = PBXFileReference; lastKnownFileType = file.storyboard; name = Base; path = Base.lproj/Main.storyboard; sourceTree = "<group>"; };
		56E9F7E72A3674B300D0E12F /* Assets.xcassets */ = {isa = PBXFileReference; lastKnownFileType = folder.assetcatalog; path = Assets.xcassets; sourceTree = "<group>"; };
		56E9F7EA2A3674B300D0E12F /* Base */ = {isa = PBXFileReference; lastKnownFileType = file.storyboard; name = Base; path = Base.lproj/LaunchScreen.storyboard; sourceTree = "<group>"; };
		56E9F7EC2A3674B300D0E12F /* Info.plist */ = {isa = PBXFileReference; lastKnownFileType = text.plist.xml; path = Info.plist; sourceTree = "<group>"; };
/* End PBXFileReference section */

/* Begin PBXFrameworksBuildPhase section */
		56E9F7D82A3674B200D0E12F /* Frameworks */ = {
			isa = PBXFrameworksBuildPhase;
			buildActionMask = 2147483647;
			files = (
				5663B7642A3F230E00A18C96 /* FirebaseDatabase in Frameworks */,
				5663B7682A3F230E00A18C96 /* FirebaseStorage in Frameworks */,
				5663B7622A3F230E00A18C96 /* FirebaseAuth in Frameworks */,
				5663B7662A3F230E00A18C96 /* FirebaseFirestore in Frameworks */,
			);
			runOnlyForDeploymentPostprocessing = 0;
		};
/* End PBXFrameworksBuildPhase section */

/* Begin PBXGroup section */
		563EB1EA2A368C0C00152377 /* Authentication */ = {
			isa = PBXGroup;
			children = (
				563EB1EC2A368C2800152377 /* LoginController.swift */,
				563EB1EE2A368C6B00152377 /* RegistrationController.swift */,
			);
			path = Authentication;
			sourceTree = "<group>";
		};
		56C137E52A36799E00FCE127 /* View */ = {
			isa = PBXGroup;
			children = (
			);
			path = View;
			sourceTree = "<group>";
		};
		56C137E62A3679A300FCE127 /* ViewModel */ = {
			isa = PBXGroup;
			children = (
			);
			path = ViewModel;
			sourceTree = "<group>";
		};
		56C137E72A3679A900FCE127 /* Model */ = {
			isa = PBXGroup;
			children = (
			);
			path = Model;
			sourceTree = "<group>";
		};
		56C137E82A3679AE00FCE127 /* Controller */ = {
			isa = PBXGroup;
			children = (
				563EB1EA2A368C0C00152377 /* Authentication */,
				56C137EB2A3679EA00FCE127 /* MainTabController.swift */,
				56C137ED2A367B6000FCE127 /* FeedController.swift */,
				563EB1E22A367C1800152377 /* ExploreController.swift */,
				563EB1E42A367C2E00152377 /* NotificationsController.swift */,
				563EB1E62A367C4900152377 /* ConversationsController.swift */,
			);
			path = Controller;
			sourceTree = "<group>";
		};
		56C137E92A3679B900FCE127 /* API */ = {
			isa = PBXGroup;
			children = (
			);
			path = API;
			sourceTree = "<group>";
		};
		56C137EA2A3679BE00FCE127 /* Utils */ = {
			isa = PBXGroup;
			children = (
				563EB1E82A3687FA00152377 /* Extensions.swift */,
				563EB1F02A390E6C00152377 /* Utilities.swift */,
				5663B7692A3F42D600A18C96 /* Constants.swift */,
			);
			path = Utils;
			sourceTree = "<group>";
		};
		56E9F7D22A3674B200D0E12F = {
			isa = PBXGroup;
			children = (
				56E9F7DD2A3674B200D0E12F /* SwiftTwitterClone */,
				56E9F7DC2A3674B200D0E12F /* Products */,
			);
			sourceTree = "<group>";
		};
		56E9F7DC2A3674B200D0E12F /* Products */ = {
			isa = PBXGroup;
			children = (
				56E9F7DB2A3674B200D0E12F /* SwiftTwitterClone.app */,
			);
			name = Products;
			sourceTree = "<group>";
		};
		56E9F7DD2A3674B200D0E12F /* SwiftTwitterClone */ = {
			isa = PBXGroup;
			children = (
				56C137EA2A3679BE00FCE127 /* Utils */,
				56C137E92A3679B900FCE127 /* API */,
				56C137E82A3679AE00FCE127 /* Controller */,
				56C137E72A3679A900FCE127 /* Model */,
				56C137E62A3679A300FCE127 /* ViewModel */,
				56C137E52A36799E00FCE127 /* View */,
				56E9F7DE2A3674B200D0E12F /* AppDelegate.swift */,
				56E9F7E02A3674B200D0E12F /* SceneDelegate.swift */,
				56E9F7E22A3674B200D0E12F /* ViewController.swift */,
				56E9F7E42A3674B200D0E12F /* Main.storyboard */,
				56E9F7E72A3674B300D0E12F /* Assets.xcassets */,
				56E9F7E92A3674B300D0E12F /* LaunchScreen.storyboard */,
				56E9F7EC2A3674B300D0E12F /* Info.plist */,
				5663B75E2A3F226700A18C96 /* GoogleService-Info.plist */,
			);
			path = SwiftTwitterClone;
			sourceTree = "<group>";
		};
/* End PBXGroup section */

/* Begin PBXNativeTarget section */
		56E9F7DA2A3674B200D0E12F /* SwiftTwitterClone */ = {
			isa = PBXNativeTarget;
			buildConfigurationList = 56E9F7EF2A3674B300D0E12F /* Build configuration list for PBXNativeTarget "SwiftTwitterClone" */;
			buildPhases = (
				56E9F7D72A3674B200D0E12F /* Sources */,
				56E9F7D82A3674B200D0E12F /* Frameworks */,
				56E9F7D92A3674B200D0E12F /* Resources */,
			);
			buildRules = (
			);
			dependencies = (
			);
			name = SwiftTwitterClone;
			packageProductDependencies = (
				5663B7612A3F230E00A18C96 /* FirebaseAuth */,
				5663B7632A3F230E00A18C96 /* FirebaseDatabase */,
				5663B7652A3F230E00A18C96 /* FirebaseFirestore */,
				5663B7672A3F230E00A18C96 /* FirebaseStorage */,
			);
			productName = SwiftTwitterClone;
			productReference = 56E9F7DB2A3674B200D0E12F /* SwiftTwitterClone.app */;
			productType = "com.apple.product-type.application";
		};
/* End PBXNativeTarget section */

/* Begin PBXProject section */
		56E9F7D32A3674B200D0E12F /* Project object */ = {
			isa = PBXProject;
			attributes = {
				BuildIndependentTargetsInParallel = 1;
				LastSwiftUpdateCheck = 1430;
				LastUpgradeCheck = 1430;
				TargetAttributes = {
					56E9F7DA2A3674B200D0E12F = {
						CreatedOnToolsVersion = 14.3;
					};
				};
			};
			buildConfigurationList = 56E9F7D62A3674B200D0E12F /* Build configuration list for PBXProject "SwiftTwitterClone" */;
			compatibilityVersion = "Xcode 14.0";
			developmentRegion = en;
			hasScannedForEncodings = 0;
			knownRegions = (
				en,
				Base,
			);
			mainGroup = 56E9F7D22A3674B200D0E12F;
			packageReferences = (
				5663B7602A3F230E00A18C96 /* XCRemoteSwiftPackageReference "firebase-ios-sdk" */,
			);
			productRefGroup = 56E9F7DC2A3674B200D0E12F /* Products */;
			projectDirPath = "";
			projectRoot = "";
			targets = (
				56E9F7DA2A3674B200D0E12F /* SwiftTwitterClone */,
			);
		};
/* End PBXProject section */

/* Begin PBXResourcesBuildPhase section */
		56E9F7D92A3674B200D0E12F /* Resources */ = {
			isa = PBXResourcesBuildPhase;
			buildActionMask = 2147483647;
			files = (
				56E9F7EB2A3674B300D0E12F /* LaunchScreen.storyboard in Resources */,
				56E9F7E82A3674B300D0E12F /* Assets.xcassets in Resources */,
				56E9F7E62A3674B200D0E12F /* Main.storyboard in Resources */,
				5663B75F2A3F226700A18C96 /* GoogleService-Info.plist in Resources */,
			);
			runOnlyForDeploymentPostprocessing = 0;
		};
/* End PBXResourcesBuildPhase section */

/* Begin PBXSourcesBuildPhase section */
		56E9F7D72A3674B200D0E12F /* Sources */ = {
			isa = PBXSourcesBuildPhase;
			buildActionMask = 2147483647;
			files = (
				56E9F7E32A3674B200D0E12F /* ViewController.swift in Sources */,
				563EB1E92A3687FA00152377 /* Extensions.swift in Sources */,
				56E9F7DF2A3674B200D0E12F /* AppDelegate.swift in Sources */,
				563EB1E72A367C4900152377 /* ConversationsController.swift in Sources */,
				56C137EE2A367B6000FCE127 /* FeedController.swift in Sources */,
				56C137EC2A3679EA00FCE127 /* MainTabController.swift in Sources */,
				563EB1F12A390E6C00152377 /* Utilities.swift in Sources */,
				5663B76A2A3F42D600A18C96 /* Constants.swift in Sources */,
				563EB1EF2A368C6B00152377 /* RegistrationController.swift in Sources */,
				563EB1E52A367C2E00152377 /* NotificationsController.swift in Sources */,
				56E9F7E12A3674B200D0E12F /* SceneDelegate.swift in Sources */,
				563EB1E32A367C1800152377 /* ExploreController.swift in Sources */,
				563EB1ED2A368C2800152377 /* LoginController.swift in Sources */,
			);
			runOnlyForDeploymentPostprocessing = 0;
		};
/* End PBXSourcesBuildPhase section */

/* Begin PBXVariantGroup section */
		56E9F7E42A3674B200D0E12F /* Main.storyboard */ = {
			isa = PBXVariantGroup;
			children = (
				56E9F7E52A3674B200D0E12F /* Base */,
			);
			name = Main.storyboard;
			sourceTree = "<group>";
		};
		56E9F7E92A3674B300D0E12F /* LaunchScreen.storyboard */ = {
			isa = PBXVariantGroup;
			children = (
				56E9F7EA2A3674B300D0E12F /* Base */,
			);
			name = LaunchScreen.storyboard;
			sourceTree = "<group>";
		};
/* End PBXVariantGroup section */

/* Begin XCBuildConfiguration section */
		56E9F7ED2A3674B300D0E12F /* Debug */ = {
			isa = XCBuildConfiguration;
			buildSettings = {
				ALWAYS_SEARCH_USER_PATHS = NO;
				CLANG_ANALYZER_NONNULL = YES;
				CLANG_ANALYZER_NUMBER_OBJECT_CONVERSION = YES_AGGRESSIVE;
				CLANG_CXX_LANGUAGE_STANDARD = "gnu++20";
				CLANG_ENABLE_MODULES = YES;
				CLANG_ENABLE_OBJC_ARC = YES;
				CLANG_ENABLE_OBJC_WEAK = YES;
				CLANG_WARN_BLOCK_CAPTURE_AUTORELEASING = YES;
				CLANG_WARN_BOOL_CONVERSION = YES;
				CLANG_WARN_COMMA = YES;
				CLANG_WARN_CONSTANT_CONVERSION = YES;
				CLANG_WARN_DEPRECATED_OBJC_IMPLEMENTATIONS = YES;
				CLANG_WARN_DIRECT_OBJC_ISA_USAGE = YES_ERROR;
				CLANG_WARN_DOCUMENTATION_COMMENTS = YES;
				CLANG_WARN_EMPTY_BODY = YES;
				CLANG_WARN_ENUM_CONVERSION = YES;
				CLANG_WARN_INFINITE_RECURSION = YES;
				CLANG_WARN_INT_CONVERSION = YES;
				CLANG_WARN_NON_LITERAL_NULL_CONVERSION = YES;
				CLANG_WARN_OBJC_IMPLICIT_RETAIN_SELF = YES;
				CLANG_WARN_OBJC_LITERAL_CONVERSION = YES;
				CLANG_WARN_OBJC_ROOT_CLASS = YES_ERROR;
				CLANG_WARN_QUOTED_INCLUDE_IN_FRAMEWORK_HEADER = YES;
				CLANG_WARN_RANGE_LOOP_ANALYSIS = YES;
				CLANG_WARN_STRICT_PROTOTYPES = YES;
				CLANG_WARN_SUSPICIOUS_MOVE = YES;
				CLANG_WARN_UNGUARDED_AVAILABILITY = YES_AGGRESSIVE;
				CLANG_WARN_UNREACHABLE_CODE = YES;
				CLANG_WARN__DUPLICATE_METHOD_MATCH = YES;
				COPY_PHASE_STRIP = NO;
				DEBUG_INFORMATION_FORMAT = dwarf;
				ENABLE_STRICT_OBJC_MSGSEND = YES;
				ENABLE_TESTABILITY = YES;
				GCC_C_LANGUAGE_STANDARD = gnu11;
				GCC_DYNAMIC_NO_PIC = NO;
				GCC_NO_COMMON_BLOCKS = YES;
				GCC_OPTIMIZATION_LEVEL = 0;
				GCC_PREPROCESSOR_DEFINITIONS = (
					"DEBUG=1",
					"$(inherited)",
				);
				GCC_WARN_64_TO_32_BIT_CONVERSION = YES;
				GCC_WARN_ABOUT_RETURN_TYPE = YES_ERROR;
				GCC_WARN_UNDECLARED_SELECTOR = YES;
				GCC_WARN_UNINITIALIZED_AUTOS = YES_AGGRESSIVE;
				GCC_WARN_UNUSED_FUNCTION = YES;
				GCC_WARN_UNUSED_VARIABLE = YES;
				IPHONEOS_DEPLOYMENT_TARGET = 16.4;
				MTL_ENABLE_DEBUG_INFO = INCLUDE_SOURCE;
				MTL_FAST_MATH = YES;
				ONLY_ACTIVE_ARCH = YES;
				SDKROOT = iphoneos;
				SWIFT_ACTIVE_COMPILATION_CONDITIONS = DEBUG;
				SWIFT_OPTIMIZATION_LEVEL = "-Onone";
			};
			name = Debug;
		};
		56E9F7EE2A3674B300D0E12F /* Release */ = {
			isa = XCBuildConfiguration;
			buildSettings = {
				ALWAYS_SEARCH_USER_PATHS = NO;
				CLANG_ANALYZER_NONNULL = YES;
				CLANG_ANALYZER_NUMBER_OBJECT_CONVERSION = YES_AGGRESSIVE;
				CLANG_CXX_LANGUAGE_STANDARD = "gnu++20";
				CLANG_ENABLE_MODULES = YES;
				CLANG_ENABLE_OBJC_ARC = YES;
				CLANG_ENABLE_OBJC_WEAK = YES;
				CLANG_WARN_BLOCK_CAPTURE_AUTORELEASING = YES;
				CLANG_WARN_BOOL_CONVERSION = YES;
				CLANG_WARN_COMMA = YES;
				CLANG_WARN_CONSTANT_CONVERSION = YES;
				CLANG_WARN_DEPRECATED_OBJC_IMPLEMENTATIONS = YES;
				CLANG_WARN_DIRECT_OBJC_ISA_USAGE = YES_ERROR;
				CLANG_WARN_DOCUMENTATION_COMMENTS = YES;
				CLANG_WARN_EMPTY_BODY = YES;
				CLANG_WARN_ENUM_CONVERSION = YES;
				CLANG_WARN_INFINITE_RECURSION = YES;
				CLANG_WARN_INT_CONVERSION = YES;
				CLANG_WARN_NON_LITERAL_NULL_CONVERSION = YES;
				CLANG_WARN_OBJC_IMPLICIT_RETAIN_SELF = YES;
				CLANG_WARN_OBJC_LITERAL_CONVERSION = YES;
				CLANG_WARN_OBJC_ROOT_CLASS = YES_ERROR;
				CLANG_WARN_QUOTED_INCLUDE_IN_FRAMEWORK_HEADER = YES;
				CLANG_WARN_RANGE_LOOP_ANALYSIS = YES;
				CLANG_WARN_STRICT_PROTOTYPES = YES;
				CLANG_WARN_SUSPICIOUS_MOVE = YES;
				CLANG_WARN_UNGUARDED_AVAILABILITY = YES_AGGRESSIVE;
				CLANG_WARN_UNREACHABLE_CODE = YES;
				CLANG_WARN__DUPLICATE_METHOD_MATCH = YES;
				COPY_PHASE_STRIP = NO;
				DEBUG_INFORMATION_FORMAT = "dwarf-with-dsym";
				ENABLE_NS_ASSERTIONS = NO;
				ENABLE_STRICT_OBJC_MSGSEND = YES;
				GCC_C_LANGUAGE_STANDARD = gnu11;
				GCC_NO_COMMON_BLOCKS = YES;
				GCC_WARN_64_TO_32_BIT_CONVERSION = YES;
				GCC_WARN_ABOUT_RETURN_TYPE = YES_ERROR;
				GCC_WARN_UNDECLARED_SELECTOR = YES;
				GCC_WARN_UNINITIALIZED_AUTOS = YES_AGGRESSIVE;
				GCC_WARN_UNUSED_FUNCTION = YES;
				GCC_WARN_UNUSED_VARIABLE = YES;
				IPHONEOS_DEPLOYMENT_TARGET = 16.4;
				MTL_ENABLE_DEBUG_INFO = NO;
				MTL_FAST_MATH = YES;
				SDKROOT = iphoneos;
				SWIFT_COMPILATION_MODE = wholemodule;
				SWIFT_OPTIMIZATION_LEVEL = "-O";
				VALIDATE_PRODUCT = YES;
			};
			name = Release;
		};
		56E9F7F02A3674B300D0E12F /* Debug */ = {
			isa = XCBuildConfiguration;
			buildSettings = {
				ASSETCATALOG_COMPILER_APPICON_NAME = AppIcon;
				ASSETCATALOG_COMPILER_GLOBAL_ACCENT_COLOR_NAME = AccentColor;
				CODE_SIGN_STYLE = Automatic;
				CURRENT_PROJECT_VERSION = 1;
				DEVELOPMENT_TEAM = SJ9HXADZ9T;
				GENERATE_INFOPLIST_FILE = YES;
				INFOPLIST_FILE = SwiftTwitterClone/Info.plist;
				INFOPLIST_KEY_UIApplicationSupportsIndirectInputEvents = YES;
				INFOPLIST_KEY_UILaunchStoryboardName = LaunchScreen;
				INFOPLIST_KEY_UIMainStoryboardFile = Main;
				INFOPLIST_KEY_UISupportedInterfaceOrientations_iPad = "UIInterfaceOrientationPortrait UIInterfaceOrientationPortraitUpsideDown UIInterfaceOrientationLandscapeLeft UIInterfaceOrientationLandscapeRight";
				INFOPLIST_KEY_UISupportedInterfaceOrientations_iPhone = "UIInterfaceOrientationPortrait UIInterfaceOrientationLandscapeLeft UIInterfaceOrientationLandscapeRight";
				LD_RUNPATH_SEARCH_PATHS = (
					"$(inherited)",
					"@executable_path/Frameworks",
				);
				MARKETING_VERSION = 1.0;
				PRODUCT_BUNDLE_IDENTIFIER = "Mehmet-Ali.SwiftTwitterClone";
				PRODUCT_NAME = "$(TARGET_NAME)";
				SWIFT_EMIT_LOC_STRINGS = YES;
				SWIFT_VERSION = 5.0;
				TARGETED_DEVICE_FAMILY = "1,2";
			};
			name = Debug;
		};
		56E9F7F12A3674B300D0E12F /* Release */ = {
			isa = XCBuildConfiguration;
			buildSettings = {
				ASSETCATALOG_COMPILER_APPICON_NAME = AppIcon;
				ASSETCATALOG_COMPILER_GLOBAL_ACCENT_COLOR_NAME = AccentColor;
				CODE_SIGN_STYLE = Automatic;
				CURRENT_PROJECT_VERSION = 1;
				DEVELOPMENT_TEAM = SJ9HXADZ9T;
				GENERATE_INFOPLIST_FILE = YES;
				INFOPLIST_FILE = SwiftTwitterClone/Info.plist;
				INFOPLIST_KEY_UIApplicationSupportsIndirectInputEvents = YES;
				INFOPLIST_KEY_UILaunchStoryboardName = LaunchScreen;
				INFOPLIST_KEY_UIMainStoryboardFile = Main;
				INFOPLIST_KEY_UISupportedInterfaceOrientations_iPad = "UIInterfaceOrientationPortrait UIInterfaceOrientationPortraitUpsideDown UIInterfaceOrientationLandscapeLeft UIInterfaceOrientationLandscapeRight";
				INFOPLIST_KEY_UISupportedInterfaceOrientations_iPhone = "UIInterfaceOrientationPortrait UIInterfaceOrientationLandscapeLeft UIInterfaceOrientationLandscapeRight";
				LD_RUNPATH_SEARCH_PATHS = (
					"$(inherited)",
					"@executable_path/Frameworks",
				);
				MARKETING_VERSION = 1.0;
				PRODUCT_BUNDLE_IDENTIFIER = "Mehmet-Ali.SwiftTwitterClone";
				PRODUCT_NAME = "$(TARGET_NAME)";
				SWIFT_EMIT_LOC_STRINGS = YES;
				SWIFT_VERSION = 5.0;
				TARGETED_DEVICE_FAMILY = "1,2";
			};
			name = Release;
		};
/* End XCBuildConfiguration section */

/* Begin XCConfigurationList section */
		56E9F7D62A3674B200D0E12F /* Build configuration list for PBXProject "SwiftTwitterClone" */ = {
			isa = XCConfigurationList;
			buildConfigurations = (
				56E9F7ED2A3674B300D0E12F /* Debug */,
				56E9F7EE2A3674B300D0E12F /* Release */,
			);
			defaultConfigurationIsVisible = 0;
			defaultConfigurationName = Release;
		};
		56E9F7EF2A3674B300D0E12F /* Build configuration list for PBXNativeTarget "SwiftTwitterClone" */ = {
			isa = XCConfigurationList;
			buildConfigurations = (
				56E9F7F02A3674B300D0E12F /* Debug */,
				56E9F7F12A3674B300D0E12F /* Release */,
			);
			defaultConfigurationIsVisible = 0;
			defaultConfigurationName = Release;
		};
/* End XCConfigurationList section */

/* Begin XCRemoteSwiftPackageReference section */
		5663B7602A3F230E00A18C96 /* XCRemoteSwiftPackageReference "firebase-ios-sdk" */ = {
			isa = XCRemoteSwiftPackageReference;
			repositoryURL = "https://github.com/firebase/firebase-ios-sdk";
			requirement = {
				kind = upToNextMajorVersion;
				minimumVersion = 10.0.0;
			};
		};
/* End XCRemoteSwiftPackageReference section */

/* Begin XCSwiftPackageProductDependency section */
		5663B7612A3F230E00A18C96 /* FirebaseAuth */ = {
			isa = XCSwiftPackageProductDependency;
			package = 5663B7602A3F230E00A18C96 /* XCRemoteSwiftPackageReference "firebase-ios-sdk" */;
			productName = FirebaseAuth;
		};
		5663B7632A3F230E00A18C96 /* FirebaseDatabase */ = {
			isa = XCSwiftPackageProductDependency;
			package = 5663B7602A3F230E00A18C96 /* XCRemoteSwiftPackageReference "firebase-ios-sdk" */;
			productName = FirebaseDatabase;
		};
		5663B7652A3F230E00A18C96 /* FirebaseFirestore */ = {
			isa = XCSwiftPackageProductDependency;
			package = 5663B7602A3F230E00A18C96 /* XCRemoteSwiftPackageReference "firebase-ios-sdk" */;
			productName = FirebaseFirestore;
		};
		5663B7672A3F230E00A18C96 /* FirebaseStorage */ = {
			isa = XCSwiftPackageProductDependency;
			package = 5663B7602A3F230E00A18C96 /* XCRemoteSwiftPackageReference "firebase-ios-sdk" */;
			productName = FirebaseStorage;
		};
/* End XCSwiftPackageProductDependency section */
	};
	rootObject = 56E9F7D32A3674B200D0E12F /* Project object */;
}
